
Microsoft Visual Studio Solution File, Format Version 12.00
# Visual Studio Version 16
VisualStudioVersion = 16.0.30204.135
MinimumVisualStudioVersion = 10.0.40219.1
Project("{FAE04EC0-301F-11D3-BF4B-00C04F79EFBC}") = "Test2class", "Test2class.csproj", "{7000E620-84A9-452C-81B2-AB70C861142A}"
EndProject
Global
	GlobalSection(SolutionConfigurationPlatforms) = preSolution
		Debug|Any CPU = Debug|Any CPU
		Release|Any CPU = Release|Any CPU
	EndGlobalSection
	GlobalSection(ProjectConfigurationPlatforms) = postSolution
		{7000E620-84A9-452C-81B2-AB70C861142A}.Debug|Any CPU.ActiveCfg = Debug|Any CPU
		{7000E620-84A9-452C-81B2-AB70C861142A}.Debug|Any CPU.Build.0 = Debug|Any CPU
		{7000E620-84A9-452C-81B2-AB70C861142A}.Release|Any CPU.ActiveCfg = Release|Any CPU
		{7000E620-84A9-452C-81B2-AB70C861142A}.Release|Any CPU.Build.0 = Release|Any CPU
	EndGlobalSection
	GlobalSection(SolutionProperties) = preSolution
		HideSolutionNode = FALSE
	EndGlobalSection
	GlobalSection(ExtensibilityGlobals) = postSolution
		SolutionGuid = {2F4E1FB1-5645-4FCE-8022-64BE40D897B3}
	EndGlobalSection
EndGlobal
